
Microsoft Visual Studio Solution File, Format Version 12.00
Project("{FAE04EC0-301F-11D3-BF4B-00C04F79EFBC}") = "TikTokApi", "TikTokApi\TikTokApi.csproj", "{DE84760A-647B-4EC4-B55E-82D64A51E302}"
EndProject
Global
	GlobalSection(SolutionConfigurationPlatforms) = preSolution
		Debug|Any CPU = Debug|Any CPU
		Release|Any CPU = Release|Any CPU
	EndGlobalSection
	GlobalSection(ProjectConfigurationPlatforms) = postSolution
		{DE84760A-647B-4EC4-B55E-82D64A51E302}.Debug|Any CPU.ActiveCfg = Debug|Any CPU
		{DE84760A-647B-4EC4-B55E-82D64A51E302}.Debug|Any CPU.Build.0 = Debug|Any CPU
		{DE84760A-647B-4EC4-B55E-82D64A51E302}.Release|Any CPU.ActiveCfg = Release|Any CPU
		{DE84760A-647B-4EC4-B55E-82D64A51E302}.Release|Any CPU.Build.0 = Release|Any CPU
	EndGlobalSection
EndGlobal
